
Microsoft Visual Studio Solution File, Format Version 12.00
# Visual Studio Version 17
VisualStudioVersion = 17.5.33627.172
MinimumVisualStudioVersion = 10.0.40219.1
Project("{FAE04EC0-301F-11D3-BF4B-00C04F79EFBC}") = "BreadTransportation", "BreadTransportaion\BreadTransportation.csproj", "{6A1119DE-3E7E-47F7-B32C-C8A9B28EA6CD}"
EndProject
Global
	GlobalSection(SolutionConfigurationPlatforms) = preSolution
		Debug|Any CPU = Debug|Any CPU
		Release|Any CPU = Release|Any CPU
	EndGlobalSection
	GlobalSection(ProjectConfigurationPlatforms) = postSolution
		{6A1119DE-3E7E-47F7-B32C-C8A9B28EA6CD}.Debug|Any CPU.ActiveCfg = Debug|Any CPU
		{6A1119DE-3E7E-47F7-B32C-C8A9B28EA6CD}.Debug|Any CPU.Build.0 = Debug|Any CPU
		{6A1119DE-3E7E-47F7-B32C-C8A9B28EA6CD}.Release|Any CPU.ActiveCfg = Release|Any CPU
		{6A1119DE-3E7E-47F7-B32C-C8A9B28EA6CD}.Release|Any CPU.Build.0 = Release|Any CPU
	EndGlobalSection
	GlobalSection(SolutionProperties) = preSolution
		HideSolutionNode = FALSE
	EndGlobalSection
	GlobalSection(ExtensibilityGlobals) = postSolution
		SolutionGuid = {5F5FAD25-3797-4C57-9807-75FC2441222D}
	EndGlobalSection
EndGlobal
