
Microsoft Visual Studio Solution File, Format Version 12.00
# Visual Studio 2012
Project("{FAE04EC0-301F-11D3-BF4B-00C04F79EFBC}") = "DocumentDistance", "DocumentDistance\DocumentDistance.csproj", "{CAFD7F56-F7C3-4799-83FA-DDB4F474FCCD}"
EndProject
Global
	GlobalSection(SolutionConfigurationPlatforms) = preSolution
		Debug|Any CPU = Debug|Any CPU
		Release|Any CPU = Release|Any CPU
	EndGlobalSection
	GlobalSection(ProjectConfigurationPlatforms) = postSolution
		{CAFD7F56-F7C3-4799-83FA-DDB4F474FCCD}.Debug|Any CPU.ActiveCfg = Debug|Any CPU
		{CAFD7F56-F7C3-4799-83FA-DDB4F474FCCD}.Debug|Any CPU.Build.0 = Debug|Any CPU
		{CAFD7F56-F7C3-4799-83FA-DDB4F474FCCD}.Release|Any CPU.ActiveCfg = Release|Any CPU
		{CAFD7F56-F7C3-4799-83FA-DDB4F474FCCD}.Release|Any CPU.Build.0 = Release|Any CPU
	EndGlobalSection
	GlobalSection(SolutionProperties) = preSolution
		HideSolutionNode = FALSE
	EndGlobalSection
EndGlobal
